
Microsoft Visual Studio Solution File, Format Version 12.00
# Visual Studio Version 16
VisualStudioVersion = 16.0.29806.167
MinimumVisualStudioVersion = 10.0.40219.1
Project("{FAE04EC0-301F-11D3-BF4B-00C04F79EFBC}") = "SeguradosAPI", "SeguradosAPI.csproj", "{7B32949B-5BCC-4831-9B2E-47E9D3F17256}"
EndProject
Global
	GlobalSection(SolutionConfigurationPlatforms) = preSolution
		Debug|Any CPU = Debug|Any CPU
		Release|Any CPU = Release|Any CPU
	EndGlobalSection
	GlobalSection(ProjectConfigurationPlatforms) = postSolution
		{7B32949B-5BCC-4831-9B2E-47E9D3F17256}.Debug|Any CPU.ActiveCfg = Debug|Any CPU
		{7B32949B-5BCC-4831-9B2E-47E9D3F17256}.Debug|Any CPU.Build.0 = Debug|Any CPU
		{7B32949B-5BCC-4831-9B2E-47E9D3F17256}.Release|Any CPU.ActiveCfg = Release|Any CPU
		{7B32949B-5BCC-4831-9B2E-47E9D3F17256}.Release|Any CPU.Build.0 = Release|Any CPU
	EndGlobalSection
	GlobalSection(SolutionProperties) = preSolution
		HideSolutionNode = FALSE
	EndGlobalSection
	GlobalSection(ExtensibilityGlobals) = postSolution
		SolutionGuid = {6067CF1F-4A0D-4262-B0E0-59E65A2315FC}
	EndGlobalSection
EndGlobal
